
Microsoft Visual Studio Solution File, Format Version 12.00
# Visual Studio Version 17
VisualStudioVersion = 17.0.31815.197
MinimumVisualStudioVersion = 10.0.40219.1
Project("{FAE04EC0-301F-11D3-BF4B-00C04F79EFBC}") = "operatoroverloading", "operatoroverloading.csproj", "{F6FEBFA5-628C-467C-AFA0-AC6294AC6857}"
EndProject
Global
	GlobalSection(SolutionConfigurationPlatforms) = preSolution
		Debug|Any CPU = Debug|Any CPU
		Release|Any CPU = Release|Any CPU
	EndGlobalSection
	GlobalSection(ProjectConfigurationPlatforms) = postSolution
		{F6FEBFA5-628C-467C-AFA0-AC6294AC6857}.Debug|Any CPU.ActiveCfg = Debug|Any CPU
		{F6FEBFA5-628C-467C-AFA0-AC6294AC6857}.Debug|Any CPU.Build.0 = Debug|Any CPU
		{F6FEBFA5-628C-467C-AFA0-AC6294AC6857}.Release|Any CPU.ActiveCfg = Release|Any CPU
		{F6FEBFA5-628C-467C-AFA0-AC6294AC6857}.Release|Any CPU.Build.0 = Release|Any CPU
	EndGlobalSection
	GlobalSection(SolutionProperties) = preSolution
		HideSolutionNode = FALSE
	EndGlobalSection
	GlobalSection(ExtensibilityGlobals) = postSolution
		SolutionGuid = {5CCC6A29-9C29-4A35-9770-A0B57BAA6051}
	EndGlobalSection
EndGlobal
