
Microsoft Visual Studio Solution File, Format Version 12.00
# Visual Studio Version 17
VisualStudioVersion = 17.0.31815.197
MinimumVisualStudioVersion = 10.0.40219.1
Project("{FAE04EC0-301F-11D3-BF4B-00C04F79EFBC}") = "lambdaAssignment", "lambdaAssignment.csproj", "{AEB01AA9-35D8-46D4-A7EB-542ACB6F27E7}"
EndProject
Global
	GlobalSection(SolutionConfigurationPlatforms) = preSolution
		Debug|Any CPU = Debug|Any CPU
		Release|Any CPU = Release|Any CPU
	EndGlobalSection
	GlobalSection(ProjectConfigurationPlatforms) = postSolution
		{AEB01AA9-35D8-46D4-A7EB-542ACB6F27E7}.Debug|Any CPU.ActiveCfg = Debug|Any CPU
		{AEB01AA9-35D8-46D4-A7EB-542ACB6F27E7}.Debug|Any CPU.Build.0 = Debug|Any CPU
		{AEB01AA9-35D8-46D4-A7EB-542ACB6F27E7}.Release|Any CPU.ActiveCfg = Release|Any CPU
		{AEB01AA9-35D8-46D4-A7EB-542ACB6F27E7}.Release|Any CPU.Build.0 = Release|Any CPU
	EndGlobalSection
	GlobalSection(SolutionProperties) = preSolution
		HideSolutionNode = FALSE
	EndGlobalSection
	GlobalSection(ExtensibilityGlobals) = postSolution
		SolutionGuid = {F3E5876E-808A-44A8-A46C-A4E14CB61C05}
	EndGlobalSection
EndGlobal
